{
  "originHash" : "2174eaf93f622d57be865cd78b51b72620c12528f1f0957292620977c4d69891",
  "pins" : [
    {
      "identity" : "realm-core",
      "kind" : "remoteSourceControl",
      "location" : "https://github.com/realm/realm-core.git",
      "state" : {
        "revision" : "e474a8d2270a8b12ac63ac9504e4757e39814b99",
        "version" : "14.13.0"
      }
    },
    {
      "identity" : "realm-swift",
      "kind" : "remoteSourceControl",
      "location" : "https://github.com/realm/realm-swift",
      "state" : {
        "branch" : "master",
        "revision" : "02860d17d793e0d4f9c08ed937002d80e09fdffd"
      }
    }
  ],
  "version" : 3
}
