// !$*UTF8*$!
{
	archiveVersion = 1;
	classes = {
	};
	objectVersion = 77;
	objects = {

/* Begin PBXBuildFile section */
		FA04DC2E2CB3E012007ACA36 /* RealmSwift in Frameworks */ = {isa = PBXBuildFile; productRef = FA04DC2D2CB3E012007ACA36 /* RealmSwift */; };
/* End PBXBuildFile section */

/* Begin PBXContainerItemProxy section */
		FA04DC082CB3DE6F007ACA36 /* PBXContainerItemProxy */ = {
			isa = PBXContainerItemProxy;
			containerPortal = FA04DBE92CB3DE6C007ACA36 /* Project object */;
			proxyType = 1;
			remoteGlobalIDString = FA04DBF02CB3DE6C007ACA36;
			remoteInfo = moneycat_beta;
		};
		FA04DC122CB3DE6F007ACA36 /* PBXContainerItemProxy */ = {
			isa = PBXContainerItemProxy;
			containerPortal = FA04DBE92CB3DE6C007ACA36 /* Project object */;
			proxyType = 1;
			remoteGlobalIDString = FA04DBF02CB3DE6C007ACA36;
			remoteInfo = moneycat_beta;
		};
/* End PBXContainerItemProxy section */

/* Begin PBXFileReference section */
		FA04DBF12CB3DE6C007ACA36 /* moneycat_beta.app */ = {isa = PBXFileReference; explicitFileType = wrapper.application; includeInIndex = 0; path = moneycat_beta.app; sourceTree = BUILT_PRODUCTS_DIR; };
		FA04DC072CB3DE6F007ACA36 /* moneycat_betaTests.xctest */ = {isa = PBXFileReference; explicitFileType = wrapper.cfbundle; includeInIndex = 0; path = moneycat_betaTests.xctest; sourceTree = BUILT_PRODUCTS_DIR; };
		FA04DC112CB3DE6F007ACA36 /* moneycat_betaUITests.xctest */ = {isa = PBXFileReference; explicitFileType = wrapper.cfbundle; includeInIndex = 0; path = moneycat_betaUITests.xctest; sourceTree = BUILT_PRODUCTS_DIR; };
/* End PBXFileReference section */

/* Begin PBXFileSystemSynchronizedBuildFileExceptionSet section */
		FA04DC192CB3DE6F007ACA36 /* Exceptions for "moneycat_beta" folder in "moneycat_beta" target */ = {
			isa = PBXFileSystemSynchronizedBuildFileExceptionSet;
			membershipExceptions = (
				Info.plist,
			);
			target = FA04DBF02CB3DE6C007ACA36 /* moneycat_beta */;
		};
/* End PBXFileSystemSynchronizedBuildFileExceptionSet section */

/* Begin PBXFileSystemSynchronizedRootGroup section */
		FA04DBF32CB3DE6C007ACA36 /* moneycat_beta */ = {
			isa = PBXFileSystemSynchronizedRootGroup;
			exceptions = (
				FA04DC192CB3DE6F007ACA36 /* Exceptions for "moneycat_beta" folder in "moneycat_beta" target */,
			);
			path = moneycat_beta;
			sourceTree = "<group>";
		};
		FA04DC0A2CB3DE6F007ACA36 /* moneycat_betaTests */ = {
			isa = PBXFileSystemSynchronizedRootGroup;
			path = moneycat_betaTests;
			sourceTree = "<group>";
		};
		FA04DC142CB3DE6F007ACA36 /* moneycat_betaUITests */ = {
			isa = PBXFileSystemSynchronizedRootGroup;
			path = moneycat_betaUITests;
			sourceTree = "<group>";
		};
/* End PBXFileSystemSynchronizedRootGroup section */

/* Begin PBXFrameworksBuildPhase section */
		FA04DBEE2CB3DE6C007ACA36 /* Frameworks */ = {
			isa = PBXFrameworksBuildPhase;
			buildActionMask = 2147483647;
			files = (
				FA04DC2E2CB3E012007ACA36 /* RealmSwift in Frameworks */,
			);
			runOnlyForDeploymentPostprocessing = 0;
		};
		FA04DC042CB3DE6F007ACA36 /* Frameworks */ = {
			isa = PBXFrameworksBuildPhase;
			buildActionMask = 2147483647;
			files = (
			);
			runOnlyForDeploymentPostprocessing = 0;
		};
		FA04DC0E2CB3DE6F007ACA36 /* Frameworks */ = {
			isa = PBXFrameworksBuildPhase;
			buildActionMask = 2147483647;
			files = (
			);
			runOnlyForDeploymentPostprocessing = 0;
		};
/* End PBXFrameworksBuildPhase section */

/* Begin PBXGroup section */
		FA04DBE82CB3DE6C007ACA36 = {
			isa = PBXGroup;
			children = (
				FA04DBF32CB3DE6C007ACA36 /* moneycat_beta */,
				FA04DC0A2CB3DE6F007ACA36 /* moneycat_betaTests */,
				FA04DC142CB3DE6F007ACA36 /* moneycat_betaUITests */,
				FA04DBF22CB3DE6C007ACA36 /* Products */,
			);
			sourceTree = "<group>";
		};
		FA04DBF22CB3DE6C007ACA36 /* Products */ = {
			isa = PBXGroup;
			children = (
				FA04DBF12CB3DE6C007ACA36 /* moneycat_beta.app */,
				FA04DC072CB3DE6F007ACA36 /* moneycat_betaTests.xctest */,
				FA04DC112CB3DE6F007ACA36 /* moneycat_betaUITests.xctest */,
			);
			name = Products;
			sourceTree = "<group>";
		};
/* End PBXGroup section */

/* Begin PBXNativeTarget section */
		FA04DBF02CB3DE6C007ACA36 /* moneycat_beta */ = {
			isa = PBXNativeTarget;
			buildConfigurationList = FA04DC1A2CB3DE6F007ACA36 /* Build configuration list for PBXNativeTarget "moneycat_beta" */;
			buildPhases = (
				FA04DBED2CB3DE6C007ACA36 /* Sources */,
				FA04DBEE2CB3DE6C007ACA36 /* Frameworks */,
				FA04DBEF2CB3DE6C007ACA36 /* Resources */,
			);
			buildRules = (
			);
			dependencies = (
			);
			fileSystemSynchronizedGroups = (
				FA04DBF32CB3DE6C007ACA36 /* moneycat_beta */,
			);
			name = moneycat_beta;
			packageProductDependencies = (
				FA04DC2D2CB3E012007ACA36 /* RealmSwift */,
			);
			productName = moneycat_beta;
			productReference = FA04DBF12CB3DE6C007ACA36 /* moneycat_beta.app */;
			productType = "com.apple.product-type.application";
		};
		FA04DC062CB3DE6F007ACA36 /* moneycat_betaTests */ = {
			isa = PBXNativeTarget;
			buildConfigurationList = FA04DC1F2CB3DE6F007ACA36 /* Build configuration list for PBXNativeTarget "moneycat_betaTests" */;
			buildPhases = (
				FA04DC032CB3DE6F007ACA36 /* Sources */,
				FA04DC042CB3DE6F007ACA36 /* Frameworks */,
				FA04DC052CB3DE6F007ACA36 /* Resources */,
			);
			buildRules = (
			);
			dependencies = (
				FA04DC092CB3DE6F007ACA36 /* PBXTargetDependency */,
			);
			fileSystemSynchronizedGroups = (
				FA04DC0A2CB3DE6F007ACA36 /* moneycat_betaTests */,
			);
			name = moneycat_betaTests;
			packageProductDependencies = (
			);
			productName = moneycat_betaTests;
			productReference = FA04DC072CB3DE6F007ACA36 /* moneycat_betaTests.xctest */;
			productType = "com.apple.product-type.bundle.unit-test";
		};
		FA04DC102CB3DE6F007ACA36 /* moneycat_betaUITests */ = {
			isa = PBXNativeTarget;
			buildConfigurationList = FA04DC222CB3DE6F007ACA36 /* Build configuration list for PBXNativeTarget "moneycat_betaUITests" */;
			buildPhases = (
				FA04DC0D2CB3DE6F007ACA36 /* Sources */,
				FA04DC0E2CB3DE6F007ACA36 /* Frameworks */,
				FA04DC0F2CB3DE6F007ACA36 /* Resources */,
			);
			buildRules = (
			);
			dependencies = (
				FA04DC132CB3DE6F007ACA36 /* PBXTargetDependency */,
			);
			fileSystemSynchronizedGroups = (
				FA04DC142CB3DE6F007ACA36 /* moneycat_betaUITests */,
			);
			name = moneycat_betaUITests;
			packageProductDependencies = (
			);
			productName = moneycat_betaUITests;
			productReference = FA04DC112CB3DE6F007ACA36 /* moneycat_betaUITests.xctest */;
			productType = "com.apple.product-type.bundle.ui-testing";
		};
/* End PBXNativeTarget section */

/* Begin PBXProject section */
		FA04DBE92CB3DE6C007ACA36 /* Project object */ = {
			isa = PBXProject;
			attributes = {
				BuildIndependentTargetsInParallel = 1;
				LastSwiftUpdateCheck = 1600;
				LastUpgradeCheck = 1600;
				TargetAttributes = {
					FA04DBF02CB3DE6C007ACA36 = {
						CreatedOnToolsVersion = 16.0;
					};
					FA04DC062CB3DE6F007ACA36 = {
						CreatedOnToolsVersion = 16.0;
						TestTargetID = FA04DBF02CB3DE6C007ACA36;
					};
					FA04DC102CB3DE6F007ACA36 = {
						CreatedOnToolsVersion = 16.0;
						TestTargetID = FA04DBF02CB3DE6C007ACA36;
					};
				};
			};
			buildConfigurationList = FA04DBEC2CB3DE6C007ACA36 /* Build configuration list for PBXProject "moneycat_beta" */;
			developmentRegion = en;
			hasScannedForEncodings = 0;
			knownRegions = (
				en,
				Base,
				"zh-Hant",
				"zh-Hans",
				ja,
			);
			mainGroup = FA04DBE82CB3DE6C007ACA36;
			minimizedProjectReferenceProxies = 1;
			packageReferences = (
				FA04DC252CB3DF40007ACA36 /* XCRemoteSwiftPackageReference "realm-swift" */,
			);
			preferredProjectObjectVersion = 77;
			productRefGroup = FA04DBF22CB3DE6C007ACA36 /* Products */;
			projectDirPath = "";
			projectRoot = "";
			targets = (
				FA04DBF02CB3DE6C007ACA36 /* moneycat_beta */,
				FA04DC062CB3DE6F007ACA36 /* moneycat_betaTests */,
				FA04DC102CB3DE6F007ACA36 /* moneycat_betaUITests */,
			);
		};
/* End PBXProject section */

/* Begin PBXResourcesBuildPhase section */
		FA04DBEF2CB3DE6C007ACA36 /* Resources */ = {
			isa = PBXResourcesBuildPhase;
			buildActionMask = 2147483647;
			files = (
			);
			runOnlyForDeploymentPostprocessing = 0;
		};
		FA04DC052CB3DE6F007ACA36 /* Resources */ = {
			isa = PBXResourcesBuildPhase;
			buildActionMask = 2147483647;
			files = (
			);
			runOnlyForDeploymentPostprocessing = 0;
		};
		FA04DC0F2CB3DE6F007ACA36 /* Resources */ = {
			isa = PBXResourcesBuildPhase;
			buildActionMask = 2147483647;
			files = (
			);
			runOnlyForDeploymentPostprocessing = 0;
		};
/* End PBXResourcesBuildPhase section */

/* Begin PBXSourcesBuildPhase section */
		FA04DBED2CB3DE6C007ACA36 /* Sources */ = {
			isa = PBXSourcesBuildPhase;
			buildActionMask = 2147483647;
			files = (
			);
			runOnlyForDeploymentPostprocessing = 0;
		};
		FA04DC032CB3DE6F007ACA36 /* Sources */ = {
			isa = PBXSourcesBuildPhase;
			buildActionMask = 2147483647;
			files = (
			);
			runOnlyForDeploymentPostprocessing = 0;
		};
		FA04DC0D2CB3DE6F007ACA36 /* Sources */ = {
			isa = PBXSourcesBuildPhase;
			buildActionMask = 2147483647;
			files = (
			);
			runOnlyForDeploymentPostprocessing = 0;
		};
/* End PBXSourcesBuildPhase section */

/* Begin PBXTargetDependency section */
		FA04DC092CB3DE6F007ACA36 /* PBXTargetDependency */ = {
			isa = PBXTargetDependency;
			target = FA04DBF02CB3DE6C007ACA36 /* moneycat_beta */;
			targetProxy = FA04DC082CB3DE6F007ACA36 /* PBXContainerItemProxy */;
		};
		FA04DC132CB3DE6F007ACA36 /* PBXTargetDependency */ = {
			isa = PBXTargetDependency;
			target = FA04DBF02CB3DE6C007ACA36 /* moneycat_beta */;
			targetProxy = FA04DC122CB3DE6F007ACA36 /* PBXContainerItemProxy */;
		};
/* End PBXTargetDependency section */

/* Begin XCBuildConfiguration section */
		FA04DC1B2CB3DE6F007ACA36 /* Debug */ = {
			isa = XCBuildConfiguration;
			buildSettings = {
				ASSETCATALOG_COMPILER_APPICON_NAME = AppIcon;
				ASSETCATALOG_COMPILER_GLOBAL_ACCENT_COLOR_NAME = AccentColor;
				CODE_SIGN_STYLE = Automatic;
				CURRENT_PROJECT_VERSION = 1;
				DEVELOPMENT_TEAM = AS8M44PUBQ;
				GENERATE_INFOPLIST_FILE = YES;
				INFOPLIST_FILE = moneycat_beta/Info.plist;
				INFOPLIST_KEY_UIApplicationSupportsIndirectInputEvents = YES;
				INFOPLIST_KEY_UILaunchStoryboardName = LaunchScreen;
				INFOPLIST_KEY_UIMainStoryboardFile = Main;
				INFOPLIST_KEY_UISupportedInterfaceOrientations_iPad = "UIInterfaceOrientationPortrait UIInterfaceOrientationPortraitUpsideDown UIInterfaceOrientationLandscapeLeft UIInterfaceOrientationLandscapeRight";
				INFOPLIST_KEY_UISupportedInterfaceOrientations_iPhone = "UIInterfaceOrientationPortrait UIInterfaceOrientationLandscapeLeft UIInterfaceOrientationLandscapeRight";
				LD_RUNPATH_SEARCH_PATHS = (
					"$(inherited)",
					"@executable_path/Frameworks",
				);
				MARKETING_VERSION = 1.0;
				PRODUCT_BUNDLE_IDENTIFIER = "com.shihjonathan0302.moneycat-beta";
				PRODUCT_NAME = "$(TARGET_NAME)";
				SWIFT_EMIT_LOC_STRINGS = YES;
				SWIFT_VERSION = 5.0;
				TARGETED_DEVICE_FAMILY = "1,2";
			};
			name = Debug;
		};
		FA04DC1C2CB3DE6F007ACA36 /* Release */ = {
			isa = XCBuildConfiguration;
			buildSettings = {
				ASSETCATALOG_COMPILER_APPICON_NAME = AppIcon;
				ASSETCATALOG_COMPILER_GLOBAL_ACCENT_COLOR_NAME = AccentColor;
				CODE_SIGN_STYLE = Automatic;
				CURRENT_PROJECT_VERSION = 1;
				DEVELOPMENT_TEAM = AS8M44PUBQ;
				GENERATE_INFOPLIST_FILE = YES;
				INFOPLIST_FILE = moneycat_beta/Info.plist;
				INFOPLIST_KEY_UIApplicationSupportsIndirectInputEvents = YES;
				INFOPLIST_KEY_UILaunchStoryboardName = LaunchScreen;
				INFOPLIST_KEY_UIMainStoryboardFile = Main;
				INFOPLIST_KEY_UISupportedInterfaceOrientations_iPad = "UIInterfaceOrientationPortrait UIInterfaceOrientationPortraitUpsideDown UIInterfaceOrientationLandscapeLeft UIInterfaceOrientationLandscapeRight";
				INFOPLIST_KEY_UISupportedInterfaceOrientations_iPhone = "UIInterfaceOrientationPortrait UIInterfaceOrientationLandscapeLeft UIInterfaceOrientationLandscapeRight";
				LD_RUNPATH_SEARCH_PATHS = (
					"$(inherited)",
					"@executable_path/Frameworks",
				);
				MARKETING_VERSION = 1.0;
				PRODUCT_BUNDLE_IDENTIFIER = "com.shihjonathan0302.moneycat-beta";
				PRODUCT_NAME = "$(TARGET_NAME)";
				SWIFT_EMIT_LOC_STRINGS = YES;
				SWIFT_VERSION = 5.0;
				TARGETED_DEVICE_FAMILY = "1,2";
			};
			name = Release;
		};
		FA04DC1D2CB3DE6F007ACA36 /* Debug */ = {
			isa = XCBuildConfiguration;
			buildSettings = {
				ALWAYS_SEARCH_USER_PATHS = NO;
				ASSETCATALOG_COMPILER_GENERATE_SWIFT_ASSET_SYMBOL_EXTENSIONS = YES;
				CLANG_ANALYZER_LOCALIZABILITY_NONLOCALIZED = YES;
				CLANG_ANALYZER_NONNULL = YES;
				CLANG_ANALYZER_NUMBER_OBJECT_CONVERSION = YES_AGGRESSIVE;
				CLANG_CXX_LANGUAGE_STANDARD = "gnu++20";
				CLANG_ENABLE_MODULES = YES;
				CLANG_ENABLE_OBJC_ARC = YES;
				CLANG_ENABLE_OBJC_WEAK = YES;
				CLANG_WARN_BLOCK_CAPTURE_AUTORELEASING = YES;
				CLANG_WARN_BOOL_CONVERSION = YES;
				CLANG_WARN_COMMA = YES;
				CLANG_WARN_CONSTANT_CONVERSION = YES;
				CLANG_WARN_DEPRECATED_OBJC_IMPLEMENTATIONS = YES;
				CLANG_WARN_DIRECT_OBJC_ISA_USAGE = YES_ERROR;
				CLANG_WARN_DOCUMENTATION_COMMENTS = YES;
				CLANG_WARN_EMPTY_BODY = YES;
				CLANG_WARN_ENUM_CONVERSION = YES;
				CLANG_WARN_INFINITE_RECURSION = YES;
				CLANG_WARN_INT_CONVERSION = YES;
				CLANG_WARN_NON_LITERAL_NULL_CONVERSION = YES;
				CLANG_WARN_OBJC_IMPLICIT_RETAIN_SELF = YES;
				CLANG_WARN_OBJC_LITERAL_CONVERSION = YES;
				CLANG_WARN_OBJC_ROOT_CLASS = YES_ERROR;
				CLANG_WARN_QUOTED_INCLUDE_IN_FRAMEWORK_HEADER = YES;
				CLANG_WARN_RANGE_LOOP_ANALYSIS = YES;
				CLANG_WARN_STRICT_PROTOTYPES = YES;
				CLANG_WARN_SUSPICIOUS_MOVE = YES;
				CLANG_WARN_UNGUARDED_AVAILABILITY = YES_AGGRESSIVE;
				CLANG_WARN_UNREACHABLE_CODE = YES;
				CLANG_WARN__DUPLICATE_METHOD_MATCH = YES;
				COPY_PHASE_STRIP = NO;
				DEBUG_INFORMATION_FORMAT = dwarf;
				ENABLE_STRICT_OBJC_MSGSEND = YES;
				ENABLE_TESTABILITY = YES;
				ENABLE_USER_SCRIPT_SANDBOXING = YES;
				GCC_C_LANGUAGE_STANDARD = gnu17;
				GCC_DYNAMIC_NO_PIC = NO;
				GCC_NO_COMMON_BLOCKS = YES;
				GCC_OPTIMIZATION_LEVEL = 0;
				GCC_PREPROCESSOR_DEFINITIONS = (
					"DEBUG=1",
					"$(inherited)",
				);
				GCC_WARN_64_TO_32_BIT_CONVERSION = YES;
				GCC_WARN_ABOUT_RETURN_TYPE = YES_ERROR;
				GCC_WARN_UNDECLARED_SELECTOR = YES;
				GCC_WARN_UNINITIALIZED_AUTOS = YES_AGGRESSIVE;
				GCC_WARN_UNUSED_FUNCTION = YES;
				GCC_WARN_UNUSED_VARIABLE = YES;
				IPHONEOS_DEPLOYMENT_TARGET = 18.0;
				LOCALIZATION_PREFERS_STRING_CATALOGS = YES;
				MTL_ENABLE_DEBUG_INFO = INCLUDE_SOURCE;
				MTL_FAST_MATH = YES;
				ONLY_ACTIVE_ARCH = YES;
				SDKROOT = iphoneos;
				SWIFT_ACTIVE_COMPILATION_CONDITIONS = "DEBUG $(inherited)";
				SWIFT_OPTIMIZATION_LEVEL = "-Onone";
			};
			name = Debug;
		};
		FA04DC1E2CB3DE6F007ACA36 /* Release */ = {
			isa = XCBuildConfiguration;
			buildSettings = {
				ALWAYS_SEARCH_USER_PATHS = NO;
				ASSETCATALOG_COMPILER_GENERATE_SWIFT_ASSET_SYMBOL_EXTENSIONS = YES;
				CLANG_ANALYZER_LOCALIZABILITY_NONLOCALIZED = YES;
				CLANG_ANALYZER_NONNULL = YES;
				CLANG_ANALYZER_NUMBER_OBJECT_CONVERSION = YES_AGGRESSIVE;
				CLANG_CXX_LANGUAGE_STANDARD = "gnu++20";
				CLANG_ENABLE_MODULES = YES;
				CLANG_ENABLE_OBJC_ARC = YES;
				CLANG_ENABLE_OBJC_WEAK = YES;
				CLANG_WARN_BLOCK_CAPTURE_AUTORELEASING = YES;
				CLANG_WARN_BOOL_CONVERSION = YES;
				CLANG_WARN_COMMA = YES;
				CLANG_WARN_CONSTANT_CONVERSION = YES;
				CLANG_WARN_DEPRECATED_OBJC_IMPLEMENTATIONS = YES;
				CLANG_WARN_DIRECT_OBJC_ISA_USAGE = YES_ERROR;
				CLANG_WARN_DOCUMENTATION_COMMENTS = YES;
				CLANG_WARN_EMPTY_BODY = YES;
				CLANG_WARN_ENUM_CONVERSION = YES;
				CLANG_WARN_INFINITE_RECURSION = YES;
				CLANG_WARN_INT_CONVERSION = YES;
				CLANG_WARN_NON_LITERAL_NULL_CONVERSION = YES;
				CLANG_WARN_OBJC_IMPLICIT_RETAIN_SELF = YES;
				CLANG_WARN_OBJC_LITERAL_CONVERSION = YES;
				CLANG_WARN_OBJC_ROOT_CLASS = YES_ERROR;
				CLANG_WARN_QUOTED_INCLUDE_IN_FRAMEWORK_HEADER = YES;
				CLANG_WARN_RANGE_LOOP_ANALYSIS = YES;
				CLANG_WARN_STRICT_PROTOTYPES = YES;
				CLANG_WARN_SUSPICIOUS_MOVE = YES;
				CLANG_WARN_UNGUARDED_AVAILABILITY = YES_AGGRESSIVE;
				CLANG_WARN_UNREACHABLE_CODE = YES;
				CLANG_WARN__DUPLICATE_METHOD_MATCH = YES;
				COPY_PHASE_STRIP = NO;
				DEBUG_INFORMATION_FORMAT = "dwarf-with-dsym";
				ENABLE_NS_ASSERTIONS = NO;
				ENABLE_STRICT_OBJC_MSGSEND = YES;
				ENABLE_USER_SCRIPT_SANDBOXING = YES;
				GCC_C_LANGUAGE_STANDARD = gnu17;
				GCC_NO_COMMON_BLOCKS = YES;
				GCC_WARN_64_TO_32_BIT_CONVERSION = YES;
				GCC_WARN_ABOUT_RETURN_TYPE = YES_ERROR;
				GCC_WARN_UNDECLARED_SELECTOR = YES;
				GCC_WARN_UNINITIALIZED_AUTOS = YES_AGGRESSIVE;
				GCC_WARN_UNUSED_FUNCTION = YES;
				GCC_WARN_UNUSED_VARIABLE = YES;
				IPHONEOS_DEPLOYMENT_TARGET = 18.0;
				LOCALIZATION_PREFERS_STRING_CATALOGS = YES;
				MTL_ENABLE_DEBUG_INFO = NO;
				MTL_FAST_MATH = YES;
				SDKROOT = iphoneos;
				SWIFT_COMPILATION_MODE = wholemodule;
				VALIDATE_PRODUCT = YES;
			};
			name = Release;
		};
		FA04DC202CB3DE6F007ACA36 /* Debug */ = {
			isa = XCBuildConfiguration;
			buildSettings = {
				BUNDLE_LOADER = "$(TEST_HOST)";
				CODE_SIGN_STYLE = Automatic;
				CURRENT_PROJECT_VERSION = 1;
				GENERATE_INFOPLIST_FILE = YES;
				IPHONEOS_DEPLOYMENT_TARGET = 18.0;
				MARKETING_VERSION = 1.0;
				PRODUCT_BUNDLE_IDENTIFIER = "com.shihjonathan0302.moneycat-betaTests";
				PRODUCT_NAME = "$(TARGET_NAME)";
				SWIFT_EMIT_LOC_STRINGS = NO;
				SWIFT_VERSION = 5.0;
				TARGETED_DEVICE_FAMILY = "1,2";
				TEST_HOST = "$(BUILT_PRODUCTS_DIR)/moneycat_beta.app/$(BUNDLE_EXECUTABLE_FOLDER_PATH)/moneycat_beta";
			};
			name = Debug;
		};
		FA04DC212CB3DE6F007ACA36 /* Release */ = {
			isa = XCBuildConfiguration;
			buildSettings = {
				BUNDLE_LOADER = "$(TEST_HOST)";
				CODE_SIGN_STYLE = Automatic;
				CURRENT_PROJECT_VERSION = 1;
				GENERATE_INFOPLIST_FILE = YES;
				IPHONEOS_DEPLOYMENT_TARGET = 18.0;
				MARKETING_VERSION = 1.0;
				PRODUCT_BUNDLE_IDENTIFIER = "com.shihjonathan0302.moneycat-betaTests";
				PRODUCT_NAME = "$(TARGET_NAME)";
				SWIFT_EMIT_LOC_STRINGS = NO;
				SWIFT_VERSION = 5.0;
				TARGETED_DEVICE_FAMILY = "1,2";
				TEST_HOST = "$(BUILT_PRODUCTS_DIR)/moneycat_beta.app/$(BUNDLE_EXECUTABLE_FOLDER_PATH)/moneycat_beta";
			};
			name = Release;
		};
		FA04DC232CB3DE6F007ACA36 /* Debug */ = {
			isa = XCBuildConfiguration;
			buildSettings = {
				CODE_SIGN_STYLE = Automatic;
				CURRENT_PROJECT_VERSION = 1;
				GENERATE_INFOPLIST_FILE = YES;
				MARKETING_VERSION = 1.0;
				PRODUCT_BUNDLE_IDENTIFIER = "com.shihjonathan0302.moneycat-betaUITests";
				PRODUCT_NAME = "$(TARGET_NAME)";
				SWIFT_EMIT_LOC_STRINGS = NO;
				SWIFT_VERSION = 5.0;
				TARGETED_DEVICE_FAMILY = "1,2";
				TEST_TARGET_NAME = moneycat_beta;
			};
			name = Debug;
		};
		FA04DC242CB3DE6F007ACA36 /* Release */ = {
			isa = XCBuildConfiguration;
			buildSettings = {
				CODE_SIGN_STYLE = Automatic;
				CURRENT_PROJECT_VERSION = 1;
				GENERATE_INFOPLIST_FILE = YES;
				MARKETING_VERSION = 1.0;
				PRODUCT_BUNDLE_IDENTIFIER = "com.shihjonathan0302.moneycat-betaUITests";
				PRODUCT_NAME = "$(TARGET_NAME)";
				SWIFT_EMIT_LOC_STRINGS = NO;
				SWIFT_VERSION = 5.0;
				TARGETED_DEVICE_FAMILY = "1,2";
				TEST_TARGET_NAME = moneycat_beta;
			};
			name = Release;
		};
/* End XCBuildConfiguration section */

/* Begin XCConfigurationList section */
		FA04DBEC2CB3DE6C007ACA36 /* Build configuration list for PBXProject "moneycat_beta" */ = {
			isa = XCConfigurationList;
			buildConfigurations = (
				FA04DC1D2CB3DE6F007ACA36 /* Debug */,
				FA04DC1E2CB3DE6F007ACA36 /* Release */,
			);
			defaultConfigurationIsVisible = 0;
			defaultConfigurationName = Release;
		};
		FA04DC1A2CB3DE6F007ACA36 /* Build configuration list for PBXNativeTarget "moneycat_beta" */ = {
			isa = XCConfigurationList;
			buildConfigurations = (
				FA04DC1B2CB3DE6F007ACA36 /* Debug */,
				FA04DC1C2CB3DE6F007ACA36 /* Release */,
			);
			defaultConfigurationIsVisible = 0;
			defaultConfigurationName = Release;
		};
		FA04DC1F2CB3DE6F007ACA36 /* Build configuration list for PBXNativeTarget "moneycat_betaTests" */ = {
			isa = XCConfigurationList;
			buildConfigurations = (
				FA04DC202CB3DE6F007ACA36 /* Debug */,
				FA04DC212CB3DE6F007ACA36 /* Release */,
			);
			defaultConfigurationIsVisible = 0;
			defaultConfigurationName = Release;
		};
		FA04DC222CB3DE6F007ACA36 /* Build configuration list for PBXNativeTarget "moneycat_betaUITests" */ = {
			isa = XCConfigurationList;
			buildConfigurations = (
				FA04DC232CB3DE6F007ACA36 /* Debug */,
				FA04DC242CB3DE6F007ACA36 /* Release */,
			);
			defaultConfigurationIsVisible = 0;
			defaultConfigurationName = Release;
		};
/* End XCConfigurationList section */

/* Begin XCRemoteSwiftPackageReference section */
		FA04DC252CB3DF40007ACA36 /* XCRemoteSwiftPackageReference "realm-swift" */ = {
			isa = XCRemoteSwiftPackageReference;
			repositoryURL = "https://github.com/realm/realm-swift";
			requirement = {
				branch = master;
				kind = branch;
			};
		};
/* End XCRemoteSwiftPackageReference section */

/* Begin XCSwiftPackageProductDependency section */
		FA04DC2D2CB3E012007ACA36 /* RealmSwift */ = {
			isa = XCSwiftPackageProductDependency;
			package = FA04DC252CB3DF40007ACA36 /* XCRemoteSwiftPackageReference "realm-swift" */;
			productName = RealmSwift;
		};
/* End XCSwiftPackageProductDependency section */
	};
	rootObject = FA04DBE92CB3DE6C007ACA36 /* Project object */;
}
